
Microsoft Visual Studio Solution File, Format Version 12.00
# Visual Studio Version 17
VisualStudioVersion = 17.10.35013.160
MinimumVisualStudioVersion = 10.0.40219.1
Project("{9A19103F-16F7-4668-BE54-9A1E7A4F7556}") = "MyShop", "MyShop\MyShop.csproj", "{CAD21DDF-C586-4B26-A6AE-818ADDE8901E}"
EndProject
Project("{9A19103F-16F7-4668-BE54-9A1E7A4F7556}") = "Entities", "Entitis\Entities.csproj", "{2EBCEAF4-E97D-4A05-9A4A-68540533E23F}"
EndProject
Project("{9A19103F-16F7-4668-BE54-9A1E7A4F7556}") = "Repositories", "Repositories\Repositories.csproj", "{736EEAD7-2CBF-4D03-9B09-72C22C9BDD64}"
EndProject
Project("{9A19103F-16F7-4668-BE54-9A1E7A4F7556}") = "Services", "Services\Services.csproj", "{49C016D2-96F0-40A4-AE37-A8A0974956B6}"
EndProject
Project("{9A19103F-16F7-4668-BE54-9A1E7A4F7556}") = "DTO", "DTO\DTO.csproj", "{0639AB82-92BF-4D00-8BB8-712EDCEF2136}"
EndProject
Project("{FAE04EC0-301F-11D3-BF4B-00C04F79EFBC}") = "TestsProject", "TestsProject\TestsProject.csproj", "{08CBA6D7-CCD6-4B81-8606-89DD7136544E}"
EndProject
Global
	GlobalSection(SolutionConfigurationPlatforms) = preSolution
		Debug|Any CPU = Debug|Any CPU
		Release|Any CPU = Release|Any CPU
	EndGlobalSection
	GlobalSection(ProjectConfigurationPlatforms) = postSolution
		{CAD21DDF-C586-4B26-A6AE-818ADDE8901E}.Debug|Any CPU.ActiveCfg = Debug|Any CPU
		{CAD21DDF-C586-4B26-A6AE-818ADDE8901E}.Debug|Any CPU.Build.0 = Debug|Any CPU
		{CAD21DDF-C586-4B26-A6AE-818ADDE8901E}.Release|Any CPU.ActiveCfg = Release|Any CPU
		{CAD21DDF-C586-4B26-A6AE-818ADDE8901E}.Release|Any CPU.Build.0 = Release|Any CPU
		{2EBCEAF4-E97D-4A05-9A4A-68540533E23F}.Debug|Any CPU.ActiveCfg = Debug|Any CPU
		{2EBCEAF4-E97D-4A05-9A4A-68540533E23F}.Debug|Any CPU.Build.0 = Debug|Any CPU
		{2EBCEAF4-E97D-4A05-9A4A-68540533E23F}.Release|Any CPU.ActiveCfg = Release|Any CPU
		{2EBCEAF4-E97D-4A05-9A4A-68540533E23F}.Release|Any CPU.Build.0 = Release|Any CPU
		{736EEAD7-2CBF-4D03-9B09-72C22C9BDD64}.Debug|Any CPU.ActiveCfg = Debug|Any CPU
		{736EEAD7-2CBF-4D03-9B09-72C22C9BDD64}.Debug|Any CPU.Build.0 = Debug|Any CPU
		{736EEAD7-2CBF-4D03-9B09-72C22C9BDD64}.Release|Any CPU.ActiveCfg = Release|Any CPU
		{736EEAD7-2CBF-4D03-9B09-72C22C9BDD64}.Release|Any CPU.Build.0 = Release|Any CPU
		{49C016D2-96F0-40A4-AE37-A8A0974956B6}.Debug|Any CPU.ActiveCfg = Debug|Any CPU
		{49C016D2-96F0-40A4-AE37-A8A0974956B6}.Debug|Any CPU.Build.0 = Debug|Any CPU
		{49C016D2-96F0-40A4-AE37-A8A0974956B6}.Release|Any CPU.ActiveCfg = Release|Any CPU
		{49C016D2-96F0-40A4-AE37-A8A0974956B6}.Release|Any CPU.Build.0 = Release|Any CPU
		{0639AB82-92BF-4D00-8BB8-712EDCEF2136}.Debug|Any CPU.ActiveCfg = Debug|Any CPU
		{0639AB82-92BF-4D00-8BB8-712EDCEF2136}.Debug|Any CPU.Build.0 = Debug|Any CPU
		{0639AB82-92BF-4D00-8BB8-712EDCEF2136}.Release|Any CPU.ActiveCfg = Release|Any CPU
		{0639AB82-92BF-4D00-8BB8-712EDCEF2136}.Release|Any CPU.Build.0 = Release|Any CPU
		{08CBA6D7-CCD6-4B81-8606-89DD7136544E}.Debug|Any CPU.ActiveCfg = Debug|Any CPU
		{08CBA6D7-CCD6-4B81-8606-89DD7136544E}.Debug|Any CPU.Build.0 = Debug|Any CPU
		{08CBA6D7-CCD6-4B81-8606-89DD7136544E}.Release|Any CPU.ActiveCfg = Release|Any CPU
		{08CBA6D7-CCD6-4B81-8606-89DD7136544E}.Release|Any CPU.Build.0 = Release|Any CPU
	EndGlobalSection
	GlobalSection(SolutionProperties) = preSolution
		HideSolutionNode = FALSE
	EndGlobalSection
	GlobalSection(ExtensibilityGlobals) = postSolution
		SolutionGuid = {CAF71881-0CF4-442C-B823-9A0418AAFD0F}
	EndGlobalSection
EndGlobal
